// !$*UTF8*$!
{
	archiveVersion = 1;
	classes = {
	};
	objectVersion = 56;
	objects = {

/* Begin PBXBuildFile section */
		AD0F3EFD2C344177001814F4 /* Tab_BarApp.swift in Sources */ = {isa = PBXBuildFile; fileRef = AD0F3EFC2C344177001814F4 /* Tab_BarApp.swift */; };
		AD0F3EFF2C344177001814F4 /* ContentView.swift in Sources */ = {isa = PBXBuildFile; fileRef = AD0F3EFE2C344177001814F4 /* ContentView.swift */; };
		AD0F3F012C344178001814F4 /* Assets.xcassets in Resources */ = {isa = PBXBuildFile; fileRef = AD0F3F002C344178001814F4 /* Assets.xcassets */; };
		AD0F3F042C344178001814F4 /* Preview Assets.xcassets in Resources */ = {isa = PBXBuildFile; fileRef = AD0F3F032C344178001814F4 /* Preview Assets.xcassets */; };
		AD0F3F0B2C3441B9001814F4 /* TabOne.swift in Sources */ = {isa = PBXBuildFile; fileRef = AD0F3F0A2C3441B9001814F4 /* TabOne.swift */; };
		AD0F3F0D2C3441C8001814F4 /* TabTwo.swift in Sources */ = {isa = PBXBuildFile; fileRef = AD0F3F0C2C3441C8001814F4 /* TabTwo.swift */; };
		AD0F3F112C3441E3001814F4 /* TabFour.swift in Sources */ = {isa = PBXBuildFile; fileRef = AD0F3F102C3441E3001814F4 /* TabFour.swift */; };
		AD0F3F132C344286001814F4 /* TabThree.swift in Sources */ = {isa = PBXBuildFile; fileRef = AD0F3F122C344286001814F4 /* TabThree.swift */; };
/* End PBXBuildFile section */

/* Begin PBXFileReference section */
		AD0F3EF92C344177001814F4 /* Tab Bar.app */ = {isa = PBXFileReference; explicitFileType = wrapper.application; includeInIndex = 0; path = "Tab Bar.app"; sourceTree = BUILT_PRODUCTS_DIR; };
		AD0F3EFC2C344177001814F4 /* Tab_BarApp.swift */ = {isa = PBXFileReference; lastKnownFileType = sourcecode.swift; path = Tab_BarApp.swift; sourceTree = "<group>"; };
		AD0F3EFE2C344177001814F4 /* ContentView.swift */ = {isa = PBXFileReference; lastKnownFileType = sourcecode.swift; path = ContentView.swift; sourceTree = "<group>"; };
		AD0F3F002C344178001814F4 /* Assets.xcassets */ = {isa = PBXFileReference; lastKnownFileType = folder.assetcatalog; path = Assets.xcassets; sourceTree = "<group>"; };
		AD0F3F032C344178001814F4 /* Preview Assets.xcassets */ = {isa = PBXFileReference; lastKnownFileType = folder.assetcatalog; path = "Preview Assets.xcassets"; sourceTree = "<group>"; };
		AD0F3F0A2C3441B9001814F4 /* TabOne.swift */ = {isa = PBXFileReference; lastKnownFileType = sourcecode.swift; path = TabOne.swift; sourceTree = "<group>"; };
		AD0F3F0C2C3441C8001814F4 /* TabTwo.swift */ = {isa = PBXFileReference; lastKnownFileType = sourcecode.swift; path = TabTwo.swift; sourceTree = "<group>"; };
		AD0F3F102C3441E3001814F4 /* TabFour.swift */ = {isa = PBXFileReference; lastKnownFileType = sourcecode.swift; path = TabFour.swift; sourceTree = "<group>"; };
		AD0F3F122C344286001814F4 /* TabThree.swift */ = {isa = PBXFileReference; lastKnownFileType = sourcecode.swift; path = TabThree.swift; sourceTree = "<group>"; };
/* End PBXFileReference section */

/* Begin PBXFrameworksBuildPhase section */
		AD0F3EF62C344177001814F4 /* Frameworks */ = {
			isa = PBXFrameworksBuildPhase;
			buildActionMask = 2147483647;
			files = (
			);
			runOnlyForDeploymentPostprocessing = 0;
		};
/* End PBXFrameworksBuildPhase section */

/* Begin PBXGroup section */
		AD0F3EF02C344177001814F4 = {
			isa = PBXGroup;
			children = (
				AD0F3EFB2C344177001814F4 /* Tab Bar */,
				AD0F3EFA2C344177001814F4 /* Products */,
			);
			sourceTree = "<group>";
		};
		AD0F3EFA2C344177001814F4 /* Products */ = {
			isa = PBXGroup;
			children = (
				AD0F3EF92C344177001814F4 /* Tab Bar.app */,
			);
			name = Products;
			sourceTree = "<group>";
		};
		AD0F3EFB2C344177001814F4 /* Tab Bar */ = {
			isa = PBXGroup;
			children = (
				AD0F3EFC2C344177001814F4 /* Tab_BarApp.swift */,
				AD0F3EFE2C344177001814F4 /* ContentView.swift */,
				AD0F3F0A2C3441B9001814F4 /* TabOne.swift */,
				AD0F3F0C2C3441C8001814F4 /* TabTwo.swift */,
				AD0F3F122C344286001814F4 /* TabThree.swift */,
				AD0F3F102C3441E3001814F4 /* TabFour.swift */,
				AD0F3F002C344178001814F4 /* Assets.xcassets */,
				AD0F3F022C344178001814F4 /* Preview Content */,
			);
			path = "Tab Bar";
			sourceTree = "<group>";
		};
		AD0F3F022C344178001814F4 /* Preview Content */ = {
			isa = PBXGroup;
			children = (
				AD0F3F032C344178001814F4 /* Preview Assets.xcassets */,
			);
			path = "Preview Content";
			sourceTree = "<group>";
		};
/* End PBXGroup section */

/* Begin PBXNativeTarget section */
		AD0F3EF82C344177001814F4 /* Tab Bar */ = {
			isa = PBXNativeTarget;
			buildConfigurationList = AD0F3F072C344178001814F4 /* Build configuration list for PBXNativeTarget "Tab Bar" */;
			buildPhases = (
				AD0F3EF52C344177001814F4 /* Sources */,
				AD0F3EF62C344177001814F4 /* Frameworks */,
				AD0F3EF72C344177001814F4 /* Resources */,
			);
			buildRules = (
			);
			dependencies = (
			);
			name = "Tab Bar";
			productName = "Tab Bar";
			productReference = AD0F3EF92C344177001814F4 /* Tab Bar.app */;
			productType = "com.apple.product-type.application";
		};
/* End PBXNativeTarget section */

/* Begin PBXProject section */
		AD0F3EF12C344177001814F4 /* Project object */ = {
			isa = PBXProject;
			attributes = {
				BuildIndependentTargetsInParallel = 1;
				LastSwiftUpdateCheck = 1540;
				LastUpgradeCheck = 1540;
				TargetAttributes = {
					AD0F3EF82C344177001814F4 = {
						CreatedOnToolsVersion = 15.4;
					};
				};
			};
			buildConfigurationList = AD0F3EF42C344177001814F4 /* Build configuration list for PBXProject "Tab Bar" */;
			compatibilityVersion = "Xcode 14.0";
			developmentRegion = en;
			hasScannedForEncodings = 0;
			knownRegions = (
				en,
				Base,
			);
			mainGroup = AD0F3EF02C344177001814F4;
			productRefGroup = AD0F3EFA2C344177001814F4 /* Products */;
			projectDirPath = "";
			projectRoot = "";
			targets = (
				AD0F3EF82C344177001814F4 /* Tab Bar */,
			);
		};
/* End PBXProject section */

/* Begin PBXResourcesBuildPhase section */
		AD0F3EF72C344177001814F4 /* Resources */ = {
			isa = PBXResourcesBuildPhase;
			buildActionMask = 2147483647;
			files = (
				AD0F3F042C344178001814F4 /* Preview Assets.xcassets in Resources */,
				AD0F3F012C344178001814F4 /* Assets.xcassets in Resources */,
			);
			runOnlyForDeploymentPostprocessing = 0;
		};
/* End PBXResourcesBuildPhase section */

/* Begin PBXSourcesBuildPhase section */
		AD0F3EF52C344177001814F4 /* Sources */ = {
			isa = PBXSourcesBuildPhase;
			buildActionMask = 2147483647;
			files = (
				AD0F3F132C344286001814F4 /* TabThree.swift in Sources */,
				AD0F3F0D2C3441C8001814F4 /* TabTwo.swift in Sources */,
				AD0F3EFF2C344177001814F4 /* ContentView.swift in Sources */,
				AD0F3F0B2C3441B9001814F4 /* TabOne.swift in Sources */,
				AD0F3F112C3441E3001814F4 /* TabFour.swift in Sources */,
				AD0F3EFD2C344177001814F4 /* Tab_BarApp.swift in Sources */,
			);
			runOnlyForDeploymentPostprocessing = 0;
		};
/* End PBXSourcesBuildPhase section */

/* Begin XCBuildConfiguration section */
		AD0F3F052C344178001814F4 /* Debug */ = {
			isa = XCBuildConfiguration;
			buildSettings = {
				ALWAYS_SEARCH_USER_PATHS = NO;
				ASSETCATALOG_COMPILER_GENERATE_SWIFT_ASSET_SYMBOL_EXTENSIONS = YES;
				CLANG_ANALYZER_NONNULL = YES;
				CLANG_ANALYZER_NUMBER_OBJECT_CONVERSION = YES_AGGRESSIVE;
				CLANG_CXX_LANGUAGE_STANDARD = "gnu++20";
				CLANG_ENABLE_MODULES = YES;
				CLANG_ENABLE_OBJC_ARC = YES;
				CLANG_ENABLE_OBJC_WEAK = YES;
				CLANG_WARN_BLOCK_CAPTURE_AUTORELEASING = YES;
				CLANG_WARN_BOOL_CONVERSION = YES;
				CLANG_WARN_COMMA = YES;
				CLANG_WARN_CONSTANT_CONVERSION = YES;
				CLANG_WARN_DEPRECATED_OBJC_IMPLEMENTATIONS = YES;
				CLANG_WARN_DIRECT_OBJC_ISA_USAGE = YES_ERROR;
				CLANG_WARN_DOCUMENTATION_COMMENTS = YES;
				CLANG_WARN_EMPTY_BODY = YES;
				CLANG_WARN_ENUM_CONVERSION = YES;
				CLANG_WARN_INFINITE_RECURSION = YES;
				CLANG_WARN_INT_CONVERSION = YES;
				CLANG_WARN_NON_LITERAL_NULL_CONVERSION = YES;
				CLANG_WARN_OBJC_IMPLICIT_RETAIN_SELF = YES;
				CLANG_WARN_OBJC_LITERAL_CONVERSION = YES;
				CLANG_WARN_OBJC_ROOT_CLASS = YES_ERROR;
				CLANG_WARN_QUOTED_INCLUDE_IN_FRAMEWORK_HEADER = YES;
				CLANG_WARN_RANGE_LOOP_ANALYSIS = YES;
				CLANG_WARN_STRICT_PROTOTYPES = YES;
				CLANG_WARN_SUSPICIOUS_MOVE = YES;
				CLANG_WARN_UNGUARDED_AVAILABILITY = YES_AGGRESSIVE;
				CLANG_WARN_UNREACHABLE_CODE = YES;
				CLANG_WARN__DUPLICATE_METHOD_MATCH = YES;
				COPY_PHASE_STRIP = NO;
				DEBUG_INFORMATION_FORMAT = dwarf;
				ENABLE_STRICT_OBJC_MSGSEND = YES;
				ENABLE_TESTABILITY = YES;
				ENABLE_USER_SCRIPT_SANDBOXING = YES;
				GCC_C_LANGUAGE_STANDARD = gnu17;
				GCC_DYNAMIC_NO_PIC = NO;
				GCC_NO_COMMON_BLOCKS = YES;
				GCC_OPTIMIZATION_LEVEL = 0;
				GCC_PREPROCESSOR_DEFINITIONS = (
					"DEBUG=1",
					"$(inherited)",
				);
				GCC_WARN_64_TO_32_BIT_CONVERSION = YES;
				GCC_WARN_ABOUT_RETURN_TYPE = YES_ERROR;
				GCC_WARN_UNDECLARED_SELECTOR = YES;
				GCC_WARN_UNINITIALIZED_AUTOS = YES_AGGRESSIVE;
				GCC_WARN_UNUSED_FUNCTION = YES;
				GCC_WARN_UNUSED_VARIABLE = YES;
				IPHONEOS_DEPLOYMENT_TARGET = 17.5;
				LOCALIZATION_PREFERS_STRING_CATALOGS = YES;
				MTL_ENABLE_DEBUG_INFO = INCLUDE_SOURCE;
				MTL_FAST_MATH = YES;
				ONLY_ACTIVE_ARCH = YES;
				SDKROOT = iphoneos;
				SWIFT_ACTIVE_COMPILATION_CONDITIONS = "DEBUG $(inherited)";
				SWIFT_OPTIMIZATION_LEVEL = "-Onone";
			};
			name = Debug;
		};
		AD0F3F062C344178001814F4 /* Release */ = {
			isa = XCBuildConfiguration;
			buildSettings = {
				ALWAYS_SEARCH_USER_PATHS = NO;
				ASSETCATALOG_COMPILER_GENERATE_SWIFT_ASSET_SYMBOL_EXTENSIONS = YES;
				CLANG_ANALYZER_NONNULL = YES;
				CLANG_ANALYZER_NUMBER_OBJECT_CONVERSION = YES_AGGRESSIVE;
				CLANG_CXX_LANGUAGE_STANDARD = "gnu++20";
				CLANG_ENABLE_MODULES = YES;
				CLANG_ENABLE_OBJC_ARC = YES;
				CLANG_ENABLE_OBJC_WEAK = YES;
				CLANG_WARN_BLOCK_CAPTURE_AUTORELEASING = YES;
				CLANG_WARN_BOOL_CONVERSION = YES;
				CLANG_WARN_COMMA = YES;
				CLANG_WARN_CONSTANT_CONVERSION = YES;
				CLANG_WARN_DEPRECATED_OBJC_IMPLEMENTATIONS = YES;
				CLANG_WARN_DIRECT_OBJC_ISA_USAGE = YES_ERROR;
				CLANG_WARN_DOCUMENTATION_COMMENTS = YES;
				CLANG_WARN_EMPTY_BODY = YES;
				CLANG_WARN_ENUM_CONVERSION = YES;
				CLANG_WARN_INFINITE_RECURSION = YES;
				CLANG_WARN_INT_CONVERSION = YES;
				CLANG_WARN_NON_LITERAL_NULL_CONVERSION = YES;
				CLANG_WARN_OBJC_IMPLICIT_RETAIN_SELF = YES;
				CLANG_WARN_OBJC_LITERAL_CONVERSION = YES;
				CLANG_WARN_OBJC_ROOT_CLASS = YES_ERROR;
				CLANG_WARN_QUOTED_INCLUDE_IN_FRAMEWORK_HEADER = YES;
				CLANG_WARN_RANGE_LOOP_ANALYSIS = YES;
				CLANG_WARN_STRICT_PROTOTYPES = YES;
				CLANG_WARN_SUSPICIOUS_MOVE = YES;
				CLANG_WARN_UNGUARDED_AVAILABILITY = YES_AGGRESSIVE;
				CLANG_WARN_UNREACHABLE_CODE = YES;
				CLANG_WARN__DUPLICATE_METHOD_MATCH = YES;
				COPY_PHASE_STRIP = NO;
				DEBUG_INFORMATION_FORMAT = "dwarf-with-dsym";
				ENABLE_NS_ASSERTIONS = NO;
				ENABLE_STRICT_OBJC_MSGSEND = YES;
				ENABLE_USER_SCRIPT_SANDBOXING = YES;
				GCC_C_LANGUAGE_STANDARD = gnu17;
				GCC_NO_COMMON_BLOCKS = YES;
				GCC_WARN_64_TO_32_BIT_CONVERSION = YES;
				GCC_WARN_ABOUT_RETURN_TYPE = YES_ERROR;
				GCC_WARN_UNDECLARED_SELECTOR = YES;
				GCC_WARN_UNINITIALIZED_AUTOS = YES_AGGRESSIVE;
				GCC_WARN_UNUSED_FUNCTION = YES;
				GCC_WARN_UNUSED_VARIABLE = YES;
				IPHONEOS_DEPLOYMENT_TARGET = 17.5;
				LOCALIZATION_PREFERS_STRING_CATALOGS = YES;
				MTL_ENABLE_DEBUG_INFO = NO;
				MTL_FAST_MATH = YES;
				SDKROOT = iphoneos;
				SWIFT_COMPILATION_MODE = wholemodule;
				VALIDATE_PRODUCT = YES;
			};
			name = Release;
		};
		AD0F3F082C344178001814F4 /* Debug */ = {
			isa = XCBuildConfiguration;
			buildSettings = {
				ASSETCATALOG_COMPILER_APPICON_NAME = AppIcon;
				ASSETCATALOG_COMPILER_GLOBAL_ACCENT_COLOR_NAME = AccentColor;
				CODE_SIGN_STYLE = Automatic;
				CURRENT_PROJECT_VERSION = 1;
				DEVELOPMENT_ASSET_PATHS = "\"Tab Bar/Preview Content\"";
				ENABLE_PREVIEWS = YES;
				GENERATE_INFOPLIST_FILE = YES;
				INFOPLIST_KEY_UIApplicationSceneManifest_Generation = YES;
				INFOPLIST_KEY_UIApplicationSupportsIndirectInputEvents = YES;
				INFOPLIST_KEY_UILaunchScreen_Generation = YES;
				INFOPLIST_KEY_UISupportedInterfaceOrientations_iPad = "UIInterfaceOrientationPortrait UIInterfaceOrientationPortraitUpsideDown UIInterfaceOrientationLandscapeLeft UIInterfaceOrientationLandscapeRight";
				INFOPLIST_KEY_UISupportedInterfaceOrientations_iPhone = "UIInterfaceOrientationPortrait UIInterfaceOrientationLandscapeLeft UIInterfaceOrientationLandscapeRight";
				LD_RUNPATH_SEARCH_PATHS = (
					"$(inherited)",
					"@executable_path/Frameworks",
				);
				MARKETING_VERSION = 1.0;
				PRODUCT_BUNDLE_IDENTIFIER = "com.Alexis.Tab-Bar";
				PRODUCT_NAME = "$(TARGET_NAME)";
				SWIFT_EMIT_LOC_STRINGS = YES;
				SWIFT_VERSION = 5.0;
				TARGETED_DEVICE_FAMILY = "1,2";
			};
			name = Debug;
		};
		AD0F3F092C344178001814F4 /* Release */ = {
			isa = XCBuildConfiguration;
			buildSettings = {
				ASSETCATALOG_COMPILER_APPICON_NAME = AppIcon;
				ASSETCATALOG_COMPILER_GLOBAL_ACCENT_COLOR_NAME = AccentColor;
				CODE_SIGN_STYLE = Automatic;
				CURRENT_PROJECT_VERSION = 1;
				DEVELOPMENT_ASSET_PATHS = "\"Tab Bar/Preview Content\"";
				ENABLE_PREVIEWS = YES;
				GENERATE_INFOPLIST_FILE = YES;
				INFOPLIST_KEY_UIApplicationSceneManifest_Generation = YES;
				INFOPLIST_KEY_UIApplicationSupportsIndirectInputEvents = YES;
				INFOPLIST_KEY_UILaunchScreen_Generation = YES;
				INFOPLIST_KEY_UISupportedInterfaceOrientations_iPad = "UIInterfaceOrientationPortrait UIInterfaceOrientationPortraitUpsideDown UIInterfaceOrientationLandscapeLeft UIInterfaceOrientationLandscapeRight";
				INFOPLIST_KEY_UISupportedInterfaceOrientations_iPhone = "UIInterfaceOrientationPortrait UIInterfaceOrientationLandscapeLeft UIInterfaceOrientationLandscapeRight";
				LD_RUNPATH_SEARCH_PATHS = (
					"$(inherited)",
					"@executable_path/Frameworks",
				);
				MARKETING_VERSION = 1.0;
				PRODUCT_BUNDLE_IDENTIFIER = "com.Alexis.Tab-Bar";
				PRODUCT_NAME = "$(TARGET_NAME)";
				SWIFT_EMIT_LOC_STRINGS = YES;
				SWIFT_VERSION = 5.0;
				TARGETED_DEVICE_FAMILY = "1,2";
			};
			name = Release;
		};
/* End XCBuildConfiguration section */

/* Begin XCConfigurationList section */
		AD0F3EF42C344177001814F4 /* Build configuration list for PBXProject "Tab Bar" */ = {
			isa = XCConfigurationList;
			buildConfigurations = (
				AD0F3F052C344178001814F4 /* Debug */,
				AD0F3F062C344178001814F4 /* Release */,
			);
			defaultConfigurationIsVisible = 0;
			defaultConfigurationName = Release;
		};
		AD0F3F072C344178001814F4 /* Build configuration list for PBXNativeTarget "Tab Bar" */ = {
			isa = XCConfigurationList;
			buildConfigurations = (
				AD0F3F082C344178001814F4 /* Debug */,
				AD0F3F092C344178001814F4 /* Release */,
			);
			defaultConfigurationIsVisible = 0;
			defaultConfigurationName = Release;
		};
/* End XCConfigurationList section */
	};
	rootObject = AD0F3EF12C344177001814F4 /* Project object */;
}
